// !$*UTF8*$!
{
	archiveVersion = 1;
	classes = {
	};
	objectVersion = 46;
	objects = {

/* Begin PBXBuildFile section */
		2B17EB9A1A2C3E3B007A2072 /* main.m in Sources */ = {isa = PBXBuildFile; fileRef = 2B17EB991A2C3E3B007A2072 /* main.m */; };
		2B17EB9D1A2C3E3B007A2072 /* AppDelegate.m in Sources */ = {isa = PBXBuildFile; fileRef = 2B17EB9C1A2C3E3B007A2072 /* AppDelegate.m */; };
		2B17EBA01A2C3E3B007A2072 /* ViewController.m in Sources */ = {isa = PBXBuildFile; fileRef = 2B17EB9F1A2C3E3B007A2072 /* ViewController.m */; };
		2B17EBA51A2C3E3B007A2072 /* Images.xcassets in Resources */ = {isa = PBXBuildFile; fileRef = 2B17EBA41A2C3E3B007A2072 /* Images.xcassets */; };
		2B17EBB41A2C3E3B007A2072 /* FontsTests.m in Sources */ = {isa = PBXBuildFile; fileRef = 2B17EBB31A2C3E3B007A2072 /* FontsTests.m */; };
		2B17EBF11A2C4361007A2072 /* MMSysFontInfoViewController.m in Sources */ = {isa = PBXBuildFile; fileRef = 2B17EBF01A2C4361007A2072 /* MMSysFontInfoViewController.m */; };
		2B17EBF41A2C48BE007A2072 /* MMFontFamilyNamesViewController.m in Sources */ = {isa = PBXBuildFile; fileRef = 2B17EBF31A2C48BE007A2072 /* MMFontFamilyNamesViewController.m */; };
		2B17EBF71A2C4D6E007A2072 /* MMFNamesViewController.m in Sources */ = {isa = PBXBuildFile; fileRef = 2B17EBF61A2C4D6E007A2072 /* MMFNamesViewController.m */; };
		2B17EBFC1A2C51D0007A2072 /* MMCustomFontsViewController.m in Sources */ = {isa = PBXBuildFile; fileRef = 2B17EBFB1A2C51D0007A2072 /* MMCustomFontsViewController.m */; };
		2B17EBFF1A2C55D1007A2072 /* MMShowViewController.m in Sources */ = {isa = PBXBuildFile; fileRef = 2B17EBFE1A2C55D1007A2072 /* MMShowViewController.m */; };
		2B17EC1C1A2C5F3F007A2072 /* Main.storyboard in Resources */ = {isa = PBXBuildFile; fileRef = 2B17EBA11A2C3E3B007A2072 /* Main.storyboard */; };
		2B17EC1D1A2C5F3F007A2072 /* LaunchScreen.xib in Resources */ = {isa = PBXBuildFile; fileRef = 2B17EBA61A2C3E3B007A2072 /* LaunchScreen.xib */; };
		2B17EC2E1A2C76B0007A2072 /* MMShowWawaLabelViewController.m in Sources */ = {isa = PBXBuildFile; fileRef = 2B17EC2D1A2C76B0007A2072 /* MMShowWawaLabelViewController.m */; };
		2B17EC351A2C855E007A2072 /* DFWaWaSC-W5.otf in Resources */ = {isa = PBXBuildFile; fileRef = 2B17EC321A2C855E007A2072 /* DFWaWaSC-W5.otf */; };
		2B17EC361A2C855E007A2072 /* STXingkai-SC-Bold.ttc in Resources */ = {isa = PBXBuildFile; fileRef = 2B17EC331A2C855E007A2072 /* STXingkai-SC-Bold.ttc */; };
		2B17EC371A2C855E007A2072 /* STXingkai-SC-Light.ttc in Resources */ = {isa = PBXBuildFile; fileRef = 2B17EC341A2C855E007A2072 /* STXingkai-SC-Light.ttc */; };
		2B17EC391A2C8937007A2072 /* Readme.md in Sources */ = {isa = PBXBuildFile; fileRef = 2B17EC381A2C8937007A2072 /* Readme.md */; };
/* End PBXBuildFile section */

/* Begin PBXContainerItemProxy section */
		2B17EBAE1A2C3E3B007A2072 /* PBXContainerItemProxy */ = {
			isa = PBXContainerItemProxy;
			containerPortal = 2B17EB8C1A2C3E3A007A2072 /* Project object */;
			proxyType = 1;
			remoteGlobalIDString = 2B17EB931A2C3E3B007A2072;
			remoteInfo = Fonts;
		};
/* End PBXContainerItemProxy section */

/* Begin PBXFileReference section */
		2B17EB941A2C3E3B007A2072 /* Fonts.app */ = {isa = PBXFileReference; explicitFileType = wrapper.application; includeInIndex = 0; path = Fonts.app; sourceTree = BUILT_PRODUCTS_DIR; };
		2B17EB981A2C3E3B007A2072 /* Info.plist */ = {isa = PBXFileReference; lastKnownFileType = text.plist.xml; path = Info.plist; sourceTree = "<group>"; };
		2B17EB991A2C3E3B007A2072 /* main.m */ = {isa = PBXFileReference; lastKnownFileType = sourcecode.c.objc; path = main.m; sourceTree = "<group>"; };
		2B17EB9B1A2C3E3B007A2072 /* AppDelegate.h */ = {isa = PBXFileReference; lastKnownFileType = sourcecode.c.h; path = AppDelegate.h; sourceTree = "<group>"; };
		2B17EB9C1A2C3E3B007A2072 /* AppDelegate.m */ = {isa = PBXFileReference; lastKnownFileType = sourcecode.c.objc; path = AppDelegate.m; sourceTree = "<group>"; };
		2B17EB9E1A2C3E3B007A2072 /* ViewController.h */ = {isa = PBXFileReference; lastKnownFileType = sourcecode.c.h; path = ViewController.h; sourceTree = "<group>"; };
		2B17EB9F1A2C3E3B007A2072 /* ViewController.m */ = {isa = PBXFileReference; lastKnownFileType = sourcecode.c.objc; path = ViewController.m; sourceTree = "<group>"; };
		2B17EBA21A2C3E3B007A2072 /* Base */ = {isa = PBXFileReference; lastKnownFileType = file.storyboard; name = Base; path = Base.lproj/Main.storyboard; sourceTree = "<group>"; };
		2B17EBA41A2C3E3B007A2072 /* Images.xcassets */ = {isa = PBXFileReference; lastKnownFileType = folder.assetcatalog; path = Images.xcassets; sourceTree = "<group>"; };
		2B17EBA71A2C3E3B007A2072 /* Base */ = {isa = PBXFileReference; lastKnownFileType = file.xib; name = Base; path = Base.lproj/LaunchScreen.xib; sourceTree = "<group>"; };
		2B17EBAD1A2C3E3B007A2072 /* FontsTests.xctest */ = {isa = PBXFileReference; explicitFileType = wrapper.cfbundle; includeInIndex = 0; path = FontsTests.xctest; sourceTree = BUILT_PRODUCTS_DIR; };
		2B17EBB21A2C3E3B007A2072 /* Info.plist */ = {isa = PBXFileReference; lastKnownFileType = text.plist.xml; path = Info.plist; sourceTree = "<group>"; };
		2B17EBB31A2C3E3B007A2072 /* FontsTests.m */ = {isa = PBXFileReference; lastKnownFileType = sourcecode.c.objc; path = FontsTests.m; sourceTree = "<group>"; };
		2B17EBEF1A2C4361007A2072 /* MMSysFontInfoViewController.h */ = {isa = PBXFileReference; fileEncoding = 4; lastKnownFileType = sourcecode.c.h; path = MMSysFontInfoViewController.h; sourceTree = "<group>"; };
		2B17EBF01A2C4361007A2072 /* MMSysFontInfoViewController.m */ = {isa = PBXFileReference; fileEncoding = 4; lastKnownFileType = sourcecode.c.objc; path = MMSysFontInfoViewController.m; sourceTree = "<group>"; };
		2B17EBF21A2C48BE007A2072 /* MMFontFamilyNamesViewController.h */ = {isa = PBXFileReference; fileEncoding = 4; lastKnownFileType = sourcecode.c.h; path = MMFontFamilyNamesViewController.h; sourceTree = "<group>"; };
		2B17EBF31A2C48BE007A2072 /* MMFontFamilyNamesViewController.m */ = {isa = PBXFileReference; fileEncoding = 4; lastKnownFileType = sourcecode.c.objc; path = MMFontFamilyNamesViewController.m; sourceTree = "<group>"; };
		2B17EBF51A2C4D6E007A2072 /* MMFNamesViewController.h */ = {isa = PBXFileReference; fileEncoding = 4; lastKnownFileType = sourcecode.c.h; path = MMFNamesViewController.h; sourceTree = "<group>"; };
		2B17EBF61A2C4D6E007A2072 /* MMFNamesViewController.m */ = {isa = PBXFileReference; fileEncoding = 4; lastKnownFileType = sourcecode.c.objc; path = MMFNamesViewController.m; sourceTree = "<group>"; };
		2B17EBFA1A2C51D0007A2072 /* MMCustomFontsViewController.h */ = {isa = PBXFileReference; fileEncoding = 4; lastKnownFileType = sourcecode.c.h; path = MMCustomFontsViewController.h; sourceTree = "<group>"; };
		2B17EBFB1A2C51D0007A2072 /* MMCustomFontsViewController.m */ = {isa = PBXFileReference; fileEncoding = 4; lastKnownFileType = sourcecode.c.objc; path = MMCustomFontsViewController.m; sourceTree = "<group>"; };
		2B17EBFD1A2C55D1007A2072 /* MMShowViewController.h */ = {isa = PBXFileReference; fileEncoding = 4; lastKnownFileType = sourcecode.c.h; path = MMShowViewController.h; sourceTree = "<group>"; };
		2B17EBFE1A2C55D1007A2072 /* MMShowViewController.m */ = {isa = PBXFileReference; fileEncoding = 4; lastKnownFileType = sourcecode.c.objc; path = MMShowViewController.m; sourceTree = "<group>"; };
		2B17EC2C1A2C76B0007A2072 /* MMShowWawaLabelViewController.h */ = {isa = PBXFileReference; fileEncoding = 4; lastKnownFileType = sourcecode.c.h; path = MMShowWawaLabelViewController.h; sourceTree = "<group>"; };
		2B17EC2D1A2C76B0007A2072 /* MMShowWawaLabelViewController.m */ = {isa = PBXFileReference; fileEncoding = 4; lastKnownFileType = sourcecode.c.objc; path = MMShowWawaLabelViewController.m; sourceTree = "<group>"; };
		2B17EC321A2C855E007A2072 /* DFWaWaSC-W5.otf */ = {isa = PBXFileReference; lastKnownFileType = file; path = "DFWaWaSC-W5.otf"; sourceTree = "<group>"; };
		2B17EC331A2C855E007A2072 /* STXingkai-SC-Bold.ttc */ = {isa = PBXFileReference; lastKnownFileType = file; path = "STXingkai-SC-Bold.ttc"; sourceTree = "<group>"; };
		2B17EC341A2C855E007A2072 /* STXingkai-SC-Light.ttc */ = {isa = PBXFileReference; lastKnownFileType = file; path = "STXingkai-SC-Light.ttc"; sourceTree = "<group>"; };
		2B17EC381A2C8937007A2072 /* Readme.md */ = {isa = PBXFileReference; fileEncoding = 4; lastKnownFileType = net.daringfireball.markdown; path = Readme.md; sourceTree = "<group>"; };
/* End PBXFileReference section */

/* Begin PBXFrameworksBuildPhase section */
		2B17EB911A2C3E3B007A2072 /* Frameworks */ = {
			isa = PBXFrameworksBuildPhase;
			buildActionMask = 2147483647;
			files = (
			);
			runOnlyForDeploymentPostprocessing = 0;
		};
		2B17EBAA1A2C3E3B007A2072 /* Frameworks */ = {
			isa = PBXFrameworksBuildPhase;
			buildActionMask = 2147483647;
			files = (
			);
			runOnlyForDeploymentPostprocessing = 0;
		};
/* End PBXFrameworksBuildPhase section */

/* Begin PBXGroup section */
		2B17EB8B1A2C3E3A007A2072 = {
			isa = PBXGroup;
			children = (
				2B17EC381A2C8937007A2072 /* Readme.md */,
				2B17EB961A2C3E3B007A2072 /* Fonts */,
				2B17EBB01A2C3E3B007A2072 /* FontsTests */,
				2B17EB951A2C3E3B007A2072 /* Products */,
			);
			sourceTree = "<group>";
		};
		2B17EB951A2C3E3B007A2072 /* Products */ = {
			isa = PBXGroup;
			children = (
				2B17EB941A2C3E3B007A2072 /* Fonts.app */,
				2B17EBAD1A2C3E3B007A2072 /* FontsTests.xctest */,
			);
			name = Products;
			sourceTree = "<group>";
		};
		2B17EB961A2C3E3B007A2072 /* Fonts */ = {
			isa = PBXGroup;
			children = (
				2B17EC311A2C855E007A2072 /* appFont */,
				2B17EB9B1A2C3E3B007A2072 /* AppDelegate.h */,
				2B17EB9C1A2C3E3B007A2072 /* AppDelegate.m */,
				2B17EB9E1A2C3E3B007A2072 /* ViewController.h */,
				2B17EB9F1A2C3E3B007A2072 /* ViewController.m */,
				2B17EBA11A2C3E3B007A2072 /* Main.storyboard */,
				2B17EBA41A2C3E3B007A2072 /* Images.xcassets */,
				2B17EBA61A2C3E3B007A2072 /* LaunchScreen.xib */,
				2B17EB971A2C3E3B007A2072 /* Supporting Files */,
				2B17EBEF1A2C4361007A2072 /* MMSysFontInfoViewController.h */,
				2B17EBF01A2C4361007A2072 /* MMSysFontInfoViewController.m */,
				2B17EBF21A2C48BE007A2072 /* MMFontFamilyNamesViewController.h */,
				2B17EBF31A2C48BE007A2072 /* MMFontFamilyNamesViewController.m */,
				2B17EBF51A2C4D6E007A2072 /* MMFNamesViewController.h */,
				2B17EBF61A2C4D6E007A2072 /* MMFNamesViewController.m */,
				2B17EBFA1A2C51D0007A2072 /* MMCustomFontsViewController.h */,
				2B17EBFB1A2C51D0007A2072 /* MMCustomFontsViewController.m */,
				2B17EBFD1A2C55D1007A2072 /* MMShowViewController.h */,
				2B17EBFE1A2C55D1007A2072 /* MMShowViewController.m */,
				2B17EC2C1A2C76B0007A2072 /* MMShowWawaLabelViewController.h */,
				2B17EC2D1A2C76B0007A2072 /* MMShowWawaLabelViewController.m */,
			);
			path = Fonts;
			sourceTree = "<group>";
		};
		2B17EB971A2C3E3B007A2072 /* Supporting Files */ = {
			isa = PBXGroup;
			children = (
				2B17EB981A2C3E3B007A2072 /* Info.plist */,
				2B17EB991A2C3E3B007A2072 /* main.m */,
			);
			name = "Supporting Files";
			sourceTree = "<group>";
		};
		2B17EBB01A2C3E3B007A2072 /* FontsTests */ = {
			isa = PBXGroup;
			children = (
				2B17EBB31A2C3E3B007A2072 /* FontsTests.m */,
				2B17EBB11A2C3E3B007A2072 /* Supporting Files */,
			);
			path = FontsTests;
			sourceTree = "<group>";
		};
		2B17EBB11A2C3E3B007A2072 /* Supporting Files */ = {
			isa = PBXGroup;
			children = (
				2B17EBB21A2C3E3B007A2072 /* Info.plist */,
			);
			name = "Supporting Files";
			sourceTree = "<group>";
		};
		2B17EC311A2C855E007A2072 /* appFont */ = {
			isa = PBXGroup;
			children = (
				2B17EC321A2C855E007A2072 /* DFWaWaSC-W5.otf */,
				2B17EC331A2C855E007A2072 /* STXingkai-SC-Bold.ttc */,
				2B17EC341A2C855E007A2072 /* STXingkai-SC-Light.ttc */,
			);
			path = appFont;
			sourceTree = "<group>";
		};
/* End PBXGroup section */

/* Begin PBXNativeTarget section */
		2B17EB931A2C3E3B007A2072 /* Fonts */ = {
			isa = PBXNativeTarget;
			buildConfigurationList = 2B17EBB71A2C3E3B007A2072 /* Build configuration list for PBXNativeTarget "Fonts" */;
			buildPhases = (
				2B17EB901A2C3E3B007A2072 /* Sources */,
				2B17EB911A2C3E3B007A2072 /* Frameworks */,
				2B17EB921A2C3E3B007A2072 /* Resources */,
			);
			buildRules = (
			);
			dependencies = (
			);
			name = Fonts;
			productName = Fonts;
			productReference = 2B17EB941A2C3E3B007A2072 /* Fonts.app */;
			productType = "com.apple.product-type.application";
		};
		2B17EBAC1A2C3E3B007A2072 /* FontsTests */ = {
			isa = PBXNativeTarget;
			buildConfigurationList = 2B17EBBA1A2C3E3B007A2072 /* Build configuration list for PBXNativeTarget "FontsTests" */;
			buildPhases = (
				2B17EBA91A2C3E3B007A2072 /* Sources */,
				2B17EBAA1A2C3E3B007A2072 /* Frameworks */,
				2B17EBAB1A2C3E3B007A2072 /* Resources */,
			);
			buildRules = (
			);
			dependencies = (
				2B17EBAF1A2C3E3B007A2072 /* PBXTargetDependency */,
			);
			name = FontsTests;
			productName = FontsTests;
			productReference = 2B17EBAD1A2C3E3B007A2072 /* FontsTests.xctest */;
			productType = "com.apple.product-type.bundle.unit-test";
		};
/* End PBXNativeTarget section */

/* Begin PBXProject section */
		2B17EB8C1A2C3E3A007A2072 /* Project object */ = {
			isa = PBXProject;
			attributes = {
				LastUpgradeCheck = 0610;
				ORGANIZATIONNAME = MM;
				TargetAttributes = {
					2B17EB931A2C3E3B007A2072 = {
						CreatedOnToolsVersion = 6.1;
					};
					2B17EBAC1A2C3E3B007A2072 = {
						CreatedOnToolsVersion = 6.1;
						TestTargetID = 2B17EB931A2C3E3B007A2072;
					};
				};
			};
			buildConfigurationList = 2B17EB8F1A2C3E3A007A2072 /* Build configuration list for PBXProject "Fonts" */;
			compatibilityVersion = "Xcode 3.2";
			developmentRegion = English;
			hasScannedForEncodings = 0;
			knownRegions = (
				en,
				Base,
			);
			mainGroup = 2B17EB8B1A2C3E3A007A2072;
			productRefGroup = 2B17EB951A2C3E3B007A2072 /* Products */;
			projectDirPath = "";
			projectRoot = "";
			targets = (
				2B17EB931A2C3E3B007A2072 /* Fonts */,
				2B17EBAC1A2C3E3B007A2072 /* FontsTests */,
			);
		};
/* End PBXProject section */

/* Begin PBXResourcesBuildPhase section */
		2B17EB921A2C3E3B007A2072 /* Resources */ = {
			isa = PBXResourcesBuildPhase;
			buildActionMask = 2147483647;
			files = (
				2B17EC1C1A2C5F3F007A2072 /* Main.storyboard in Resources */,
				2B17EC371A2C855E007A2072 /* STXingkai-SC-Light.ttc in Resources */,
				2B17EC1D1A2C5F3F007A2072 /* LaunchScreen.xib in Resources */,
				2B17EC361A2C855E007A2072 /* STXingkai-SC-Bold.ttc in Resources */,
				2B17EBA51A2C3E3B007A2072 /* Images.xcassets in Resources */,
				2B17EC351A2C855E007A2072 /* DFWaWaSC-W5.otf in Resources */,
			);
			runOnlyForDeploymentPostprocessing = 0;
		};
		2B17EBAB1A2C3E3B007A2072 /* Resources */ = {
			isa = PBXResourcesBuildPhase;
			buildActionMask = 2147483647;
			files = (
			);
			runOnlyForDeploymentPostprocessing = 0;
		};
/* End PBXResourcesBuildPhase section */

/* Begin PBXSourcesBuildPhase section */
		2B17EB901A2C3E3B007A2072 /* Sources */ = {
			isa = PBXSourcesBuildPhase;
			buildActionMask = 2147483647;
			files = (
				2B17EC391A2C8937007A2072 /* Readme.md in Sources */,
				2B17EC2E1A2C76B0007A2072 /* MMShowWawaLabelViewController.m in Sources */,
				2B17EBA01A2C3E3B007A2072 /* ViewController.m in Sources */,
				2B17EB9D1A2C3E3B007A2072 /* AppDelegate.m in Sources */,
				2B17EBF71A2C4D6E007A2072 /* MMFNamesViewController.m in Sources */,
				2B17EBFF1A2C55D1007A2072 /* MMShowViewController.m in Sources */,
				2B17EBF41A2C48BE007A2072 /* MMFontFamilyNamesViewController.m in Sources */,
				2B17EBFC1A2C51D0007A2072 /* MMCustomFontsViewController.m in Sources */,
				2B17EB9A1A2C3E3B007A2072 /* main.m in Sources */,
				2B17EBF11A2C4361007A2072 /* MMSysFontInfoViewController.m in Sources */,
			);
			runOnlyForDeploymentPostprocessing = 0;
		};
		2B17EBA91A2C3E3B007A2072 /* Sources */ = {
			isa = PBXSourcesBuildPhase;
			buildActionMask = 2147483647;
			files = (
				2B17EBB41A2C3E3B007A2072 /* FontsTests.m in Sources */,
			);
			runOnlyForDeploymentPostprocessing = 0;
		};
/* End PBXSourcesBuildPhase section */

/* Begin PBXTargetDependency section */
		2B17EBAF1A2C3E3B007A2072 /* PBXTargetDependency */ = {
			isa = PBXTargetDependency;
			target = 2B17EB931A2C3E3B007A2072 /* Fonts */;
			targetProxy = 2B17EBAE1A2C3E3B007A2072 /* PBXContainerItemProxy */;
		};
/* End PBXTargetDependency section */

/* Begin PBXVariantGroup section */
		2B17EBA11A2C3E3B007A2072 /* Main.storyboard */ = {
			isa = PBXVariantGroup;
			children = (
				2B17EBA21A2C3E3B007A2072 /* Base */,
			);
			name = Main.storyboard;
			sourceTree = "<group>";
		};
		2B17EBA61A2C3E3B007A2072 /* LaunchScreen.xib */ = {
			isa = PBXVariantGroup;
			children = (
				2B17EBA71A2C3E3B007A2072 /* Base */,
			);
			name = LaunchScreen.xib;
			sourceTree = "<group>";
		};
/* End PBXVariantGroup section */

/* Begin XCBuildConfiguration section */
		2B17EBB51A2C3E3B007A2072 /* Debug */ = {
			isa = XCBuildConfiguration;
			buildSettings = {
				ALWAYS_SEARCH_USER_PATHS = NO;
				CLANG_CXX_LANGUAGE_STANDARD = "gnu++0x";
				CLANG_CXX_LIBRARY = "libc++";
				CLANG_ENABLE_MODULES = YES;
				CLANG_ENABLE_OBJC_ARC = YES;
				CLANG_WARN_BOOL_CONVERSION = YES;
				CLANG_WARN_CONSTANT_CONVERSION = YES;
				CLANG_WARN_DIRECT_OBJC_ISA_USAGE = YES_ERROR;
				CLANG_WARN_EMPTY_BODY = YES;
				CLANG_WARN_ENUM_CONVERSION = YES;
				CLANG_WARN_INT_CONVERSION = YES;
				CLANG_WARN_OBJC_ROOT_CLASS = YES_ERROR;
				CLANG_WARN_UNREACHABLE_CODE = YES;
				CLANG_WARN__DUPLICATE_METHOD_MATCH = YES;
				"CODE_SIGN_IDENTITY[sdk=iphoneos*]" = "iPhone Developer";
				COPY_PHASE_STRIP = NO;
				ENABLE_STRICT_OBJC_MSGSEND = YES;
				GCC_C_LANGUAGE_STANDARD = gnu99;
				GCC_DYNAMIC_NO_PIC = NO;
				GCC_OPTIMIZATION_LEVEL = 0;
				GCC_PREPROCESSOR_DEFINITIONS = (
					"DEBUG=1",
					"$(inherited)",
				);
				GCC_SYMBOLS_PRIVATE_EXTERN = NO;
				GCC_WARN_64_TO_32_BIT_CONVERSION = YES;
				GCC_WARN_ABOUT_RETURN_TYPE = YES_ERROR;
				GCC_WARN_UNDECLARED_SELECTOR = YES;
				GCC_WARN_UNINITIALIZED_AUTOS = YES_AGGRESSIVE;
				GCC_WARN_UNUSED_FUNCTION = YES;
				GCC_WARN_UNUSED_VARIABLE = YES;
				IPHONEOS_DEPLOYMENT_TARGET = 8.1;
				MTL_ENABLE_DEBUG_INFO = YES;
				ONLY_ACTIVE_ARCH = YES;
				SDKROOT = iphoneos;
				TARGETED_DEVICE_FAMILY = "1,2";
			};
			name = Debug;
		};
		2B17EBB61A2C3E3B007A2072 /* Release */ = {
			isa = XCBuildConfiguration;
			buildSettings = {
				ALWAYS_SEARCH_USER_PATHS = NO;
				CLANG_CXX_LANGUAGE_STANDARD = "gnu++0x";
				CLANG_CXX_LIBRARY = "libc++";
				CLANG_ENABLE_MODULES = YES;
				CLANG_ENABLE_OBJC_ARC = YES;
				CLANG_WARN_BOOL_CONVERSION = YES;
				CLANG_WARN_CONSTANT_CONVERSION = YES;
				CLANG_WARN_DIRECT_OBJC_ISA_USAGE = YES_ERROR;
				CLANG_WARN_EMPTY_BODY = YES;
				CLANG_WARN_ENUM_CONVERSION = YES;
				CLANG_WARN_INT_CONVERSION = YES;
				CLANG_WARN_OBJC_ROOT_CLASS = YES_ERROR;
				CLANG_WARN_UNREACHABLE_CODE = YES;
				CLANG_WARN__DUPLICATE_METHOD_MATCH = YES;
				"CODE_SIGN_IDENTITY[sdk=iphoneos*]" = "iPhone Developer";
				COPY_PHASE_STRIP = YES;
				ENABLE_NS_ASSERTIONS = NO;
				ENABLE_STRICT_OBJC_MSGSEND = YES;
				GCC_C_LANGUAGE_STANDARD = gnu99;
				GCC_WARN_64_TO_32_BIT_CONVERSION = YES;
				GCC_WARN_ABOUT_RETURN_TYPE = YES_ERROR;
				GCC_WARN_UNDECLARED_SELECTOR = YES;
				GCC_WARN_UNINITIALIZED_AUTOS = YES_AGGRESSIVE;
				GCC_WARN_UNUSED_FUNCTION = YES;
				GCC_WARN_UNUSED_VARIABLE = YES;
				IPHONEOS_DEPLOYMENT_TARGET = 8.1;
				MTL_ENABLE_DEBUG_INFO = NO;
				SDKROOT = iphoneos;
				TARGETED_DEVICE_FAMILY = "1,2";
				VALIDATE_PRODUCT = YES;
			};
			name = Release;
		};
		2B17EBB81A2C3E3B007A2072 /* Debug */ = {
			isa = XCBuildConfiguration;
			buildSettings = {
				ASSETCATALOG_COMPILER_APPICON_NAME = AppIcon;
				INFOPLIST_FILE = Fonts/Info.plist;
				LD_RUNPATH_SEARCH_PATHS = "$(inherited) @executable_path/Frameworks";
				PRODUCT_NAME = "$(TARGET_NAME)";
			};
			name = Debug;
		};
		2B17EBB91A2C3E3B007A2072 /* Release */ = {
			isa = XCBuildConfiguration;
			buildSettings = {
				ASSETCATALOG_COMPILER_APPICON_NAME = AppIcon;
				INFOPLIST_FILE = Fonts/Info.plist;
				LD_RUNPATH_SEARCH_PATHS = "$(inherited) @executable_path/Frameworks";
				PRODUCT_NAME = "$(TARGET_NAME)";
			};
			name = Release;
		};
		2B17EBBB1A2C3E3B007A2072 /* Debug */ = {
			isa = XCBuildConfiguration;
			buildSettings = {
				BUNDLE_LOADER = "$(TEST_HOST)";
				FRAMEWORK_SEARCH_PATHS = (
					"$(SDKROOT)/Developer/Library/Frameworks",
					"$(inherited)",
				);
				GCC_PREPROCESSOR_DEFINITIONS = (
					"DEBUG=1",
					"$(inherited)",
				);
				INFOPLIST_FILE = FontsTests/Info.plist;
				LD_RUNPATH_SEARCH_PATHS = "$(inherited) @executable_path/Frameworks @loader_path/Frameworks";
				PRODUCT_NAME = "$(TARGET_NAME)";
				TEST_HOST = "$(BUILT_PRODUCTS_DIR)/Fonts.app/Fonts";
			};
			name = Debug;
		};
		2B17EBBC1A2C3E3B007A2072 /* Release */ = {
			isa = XCBuildConfiguration;
			buildSettings = {
				BUNDLE_LOADER = "$(TEST_HOST)";
				FRAMEWORK_SEARCH_PATHS = (
					"$(SDKROOT)/Developer/Library/Frameworks",
					"$(inherited)",
				);
				INFOPLIST_FILE = FontsTests/Info.plist;
				LD_RUNPATH_SEARCH_PATHS = "$(inherited) @executable_path/Frameworks @loader_path/Frameworks";
				PRODUCT_NAME = "$(TARGET_NAME)";
				TEST_HOST = "$(BUILT_PRODUCTS_DIR)/Fonts.app/Fonts";
			};
			name = Release;
		};
/* End XCBuildConfiguration section */

/* Begin XCConfigurationList section */
		2B17EB8F1A2C3E3A007A2072 /* Build configuration list for PBXProject "Fonts" */ = {
			isa = XCConfigurationList;
			buildConfigurations = (
				2B17EBB51A2C3E3B007A2072 /* Debug */,
				2B17EBB61A2C3E3B007A2072 /* Release */,
			);
			defaultConfigurationIsVisible = 0;
			defaultConfigurationName = Release;
		};
		2B17EBB71A2C3E3B007A2072 /* Build configuration list for PBXNativeTarget "Fonts" */ = {
			isa = XCConfigurationList;
			buildConfigurations = (
				2B17EBB81A2C3E3B007A2072 /* Debug */,
				2B17EBB91A2C3E3B007A2072 /* Release */,
			);
			defaultConfigurationIsVisible = 0;
		};
		2B17EBBA1A2C3E3B007A2072 /* Build configuration list for PBXNativeTarget "FontsTests" */ = {
			isa = XCConfigurationList;
			buildConfigurations = (
				2B17EBBB1A2C3E3B007A2072 /* Debug */,
				2B17EBBC1A2C3E3B007A2072 /* Release */,
			);
			defaultConfigurationIsVisible = 0;
		};
/* End XCConfigurationList section */
	};
	rootObject = 2B17EB8C1A2C3E3A007A2072 /* Project object */;
}
